// !$*UTF8*$!
{
	archiveVersion = 1;
	classes = {
	};
	objectVersion = 50;
	objects = {

/* Begin PBXBuildFile section */
		FEEDB2F5256F564600F670BD /* AppDelegate.swift in Sources */ = {isa = PBXBuildFile; fileRef = FEEDB2F4256F564600F670BD /* AppDelegate.swift */; };
		FEEDB2F7256F564600F670BD /* SceneDelegate.swift in Sources */ = {isa = PBXBuildFile; fileRef = FEEDB2F6256F564600F670BD /* SceneDelegate.swift */; };
		FEEDB2F9256F564600F670BD /* ViewController.swift in Sources */ = {isa = PBXBuildFile; fileRef = FEEDB2F8256F564600F670BD /* ViewController.swift */; };
		FEEDB2FC256F564600F670BD /* Main.storyboard in Resources */ = {isa = PBXBuildFile; fileRef = FEEDB2FA256F564600F670BD /* Main.storyboard */; };
		FEEDB2FE256F564900F670BD /* Assets.xcassets in Resources */ = {isa = PBXBuildFile; fileRef = FEEDB2FD256F564900F670BD /* Assets.xcassets */; };
		FEEDB301256F564900F670BD /* LaunchScreen.storyboard in Resources */ = {isa = PBXBuildFile; fileRef = FEEDB2FF256F564900F670BD /* LaunchScreen.storyboard */; };
		FEEDB30C256F564900F670BD /* HotelsTests.swift in Sources */ = {isa = PBXBuildFile; fileRef = FEEDB30B256F564900F670BD /* HotelsTests.swift */; };
		FEEDB317256F564900F670BD /* HotelsUITests.swift in Sources */ = {isa = PBXBuildFile; fileRef = FEEDB316256F564900F670BD /* HotelsUITests.swift */; };
/* End PBXBuildFile section */

/* Begin PBXContainerItemProxy section */
		FEEDB308256F564900F670BD /* PBXContainerItemProxy */ = {
			isa = PBXContainerItemProxy;
			containerPortal = FEEDB2E9256F564600F670BD /* Project object */;
			proxyType = 1;
			remoteGlobalIDString = FEEDB2F0256F564600F670BD;
			remoteInfo = Hotels;
		};
		FEEDB313256F564900F670BD /* PBXContainerItemProxy */ = {
			isa = PBXContainerItemProxy;
			containerPortal = FEEDB2E9256F564600F670BD /* Project object */;
			proxyType = 1;
			remoteGlobalIDString = FEEDB2F0256F564600F670BD;
			remoteInfo = Hotels;
		};
/* End PBXContainerItemProxy section */

/* Begin PBXFileReference section */
		FEEDB2F1256F564600F670BD /* Hotels.app */ = {isa = PBXFileReference; explicitFileType = wrapper.application; includeInIndex = 0; path = Hotels.app; sourceTree = BUILT_PRODUCTS_DIR; };
		FEEDB2F4256F564600F670BD /* AppDelegate.swift */ = {isa = PBXFileReference; lastKnownFileType = sourcecode.swift; path = AppDelegate.swift; sourceTree = "<group>"; };
		FEEDB2F6256F564600F670BD /* SceneDelegate.swift */ = {isa = PBXFileReference; lastKnownFileType = sourcecode.swift; path = SceneDelegate.swift; sourceTree = "<group>"; };
		FEEDB2F8256F564600F670BD /* ViewController.swift */ = {isa = PBXFileReference; lastKnownFileType = sourcecode.swift; path = ViewController.swift; sourceTree = "<group>"; };
		FEEDB2FB256F564600F670BD /* Base */ = {isa = PBXFileReference; lastKnownFileType = file.storyboard; name = Base; path = Base.lproj/Main.storyboard; sourceTree = "<group>"; };
		FEEDB2FD256F564900F670BD /* Assets.xcassets */ = {isa = PBXFileReference; lastKnownFileType = folder.assetcatalog; path = Assets.xcassets; sourceTree = "<group>"; };
		FEEDB300256F564900F670BD /* Base */ = {isa = PBXFileReference; lastKnownFileType = file.storyboard; name = Base; path = Base.lproj/LaunchScreen.storyboard; sourceTree = "<group>"; };
		FEEDB302256F564900F670BD /* Info.plist */ = {isa = PBXFileReference; lastKnownFileType = text.plist.xml; path = Info.plist; sourceTree = "<group>"; };
		FEEDB307256F564900F670BD /* HotelsTests.xctest */ = {isa = PBXFileReference; explicitFileType = wrapper.cfbundle; includeInIndex = 0; path = HotelsTests.xctest; sourceTree = BUILT_PRODUCTS_DIR; };
		FEEDB30B256F564900F670BD /* HotelsTests.swift */ = {isa = PBXFileReference; lastKnownFileType = sourcecode.swift; path = HotelsTests.swift; sourceTree = "<group>"; };
		FEEDB30D256F564900F670BD /* Info.plist */ = {isa = PBXFileReference; lastKnownFileType = text.plist.xml; path = Info.plist; sourceTree = "<group>"; };
		FEEDB312256F564900F670BD /* HotelsUITests.xctest */ = {isa = PBXFileReference; explicitFileType = wrapper.cfbundle; includeInIndex = 0; path = HotelsUITests.xctest; sourceTree = BUILT_PRODUCTS_DIR; };
		FEEDB316256F564900F670BD /* HotelsUITests.swift */ = {isa = PBXFileReference; lastKnownFileType = sourcecode.swift; path = HotelsUITests.swift; sourceTree = "<group>"; };
		FEEDB318256F564900F670BD /* Info.plist */ = {isa = PBXFileReference; lastKnownFileType = text.plist.xml; path = Info.plist; sourceTree = "<group>"; };
/* End PBXFileReference section */

/* Begin PBXFrameworksBuildPhase section */
		FEEDB2EE256F564600F670BD /* Frameworks */ = {
			isa = PBXFrameworksBuildPhase;
			buildActionMask = 2147483647;
			files = (
			);
			runOnlyForDeploymentPostprocessing = 0;
		};
		FEEDB304256F564900F670BD /* Frameworks */ = {
			isa = PBXFrameworksBuildPhase;
			buildActionMask = 2147483647;
			files = (
			);
			runOnlyForDeploymentPostprocessing = 0;
		};
		FEEDB30F256F564900F670BD /* Frameworks */ = {
			isa = PBXFrameworksBuildPhase;
			buildActionMask = 2147483647;
			files = (
			);
			runOnlyForDeploymentPostprocessing = 0;
		};
/* End PBXFrameworksBuildPhase section */

/* Begin PBXGroup section */
		FEEDB2E8256F564600F670BD = {
			isa = PBXGroup;
			children = (
				FEEDB2F3256F564600F670BD /* Hotels */,
				FEEDB30A256F564900F670BD /* HotelsTests */,
				FEEDB315256F564900F670BD /* HotelsUITests */,
				FEEDB2F2256F564600F670BD /* Products */,
			);
			sourceTree = "<group>";
		};
		FEEDB2F2256F564600F670BD /* Products */ = {
			isa = PBXGroup;
			children = (
				FEEDB2F1256F564600F670BD /* Hotels.app */,
				FEEDB307256F564900F670BD /* HotelsTests.xctest */,
				FEEDB312256F564900F670BD /* HotelsUITests.xctest */,
			);
			name = Products;
			sourceTree = "<group>";
		};
		FEEDB2F3256F564600F670BD /* Hotels */ = {
			isa = PBXGroup;
			children = (
				FEEDB2F4256F564600F670BD /* AppDelegate.swift */,
				FEEDB2F6256F564600F670BD /* SceneDelegate.swift */,
				FEEDB2F8256F564600F670BD /* ViewController.swift */,
				FEEDB2FA256F564600F670BD /* Main.storyboard */,
				FEEDB2FD256F564900F670BD /* Assets.xcassets */,
				FEEDB2FF256F564900F670BD /* LaunchScreen.storyboard */,
				FEEDB302256F564900F670BD /* Info.plist */,
			);
			path = Hotels;
			sourceTree = "<group>";
		};
		FEEDB30A256F564900F670BD /* HotelsTests */ = {
			isa = PBXGroup;
			children = (
				FEEDB30B256F564900F670BD /* HotelsTests.swift */,
				FEEDB30D256F564900F670BD /* Info.plist */,
			);
			path = HotelsTests;
			sourceTree = "<group>";
		};
		FEEDB315256F564900F670BD /* HotelsUITests */ = {
			isa = PBXGroup;
			children = (
				FEEDB316256F564900F670BD /* HotelsUITests.swift */,
				FEEDB318256F564900F670BD /* Info.plist */,
			);
			path = HotelsUITests;
			sourceTree = "<group>";
		};
/* End PBXGroup section */

/* Begin PBXNativeTarget section */
		FEEDB2F0256F564600F670BD /* Hotels */ = {
			isa = PBXNativeTarget;
			buildConfigurationList = FEEDB31B256F564900F670BD /* Build configuration list for PBXNativeTarget "Hotels" */;
			buildPhases = (
				FEEDB2ED256F564600F670BD /* Sources */,
				FEEDB2EE256F564600F670BD /* Frameworks */,
				FEEDB2EF256F564600F670BD /* Resources */,
			);
			buildRules = (
			);
			dependencies = (
			);
			name = Hotels;
			productName = Hotels;
			productReference = FEEDB2F1256F564600F670BD /* Hotels.app */;
			productType = "com.apple.product-type.application";
		};
		FEEDB306256F564900F670BD /* HotelsTests */ = {
			isa = PBXNativeTarget;
			buildConfigurationList = FEEDB31E256F564900F670BD /* Build configuration list for PBXNativeTarget "HotelsTests" */;
			buildPhases = (
				FEEDB303256F564900F670BD /* Sources */,
				FEEDB304256F564900F670BD /* Frameworks */,
				FEEDB305256F564900F670BD /* Resources */,
			);
			buildRules = (
			);
			dependencies = (
				FEEDB309256F564900F670BD /* PBXTargetDependency */,
			);
			name = HotelsTests;
			productName = HotelsTests;
			productReference = FEEDB307256F564900F670BD /* HotelsTests.xctest */;
			productType = "com.apple.product-type.bundle.unit-test";
		};
		FEEDB311256F564900F670BD /* HotelsUITests */ = {
			isa = PBXNativeTarget;
			buildConfigurationList = FEEDB321256F564900F670BD /* Build configuration list for PBXNativeTarget "HotelsUITests" */;
			buildPhases = (
				FEEDB30E256F564900F670BD /* Sources */,
				FEEDB30F256F564900F670BD /* Frameworks */,
				FEEDB310256F564900F670BD /* Resources */,
			);
			buildRules = (
			);
			dependencies = (
				FEEDB314256F564900F670BD /* PBXTargetDependency */,
			);
			name = HotelsUITests;
			productName = HotelsUITests;
			productReference = FEEDB312256F564900F670BD /* HotelsUITests.xctest */;
			productType = "com.apple.product-type.bundle.ui-testing";
		};
/* End PBXNativeTarget section */

/* Begin PBXProject section */
		FEEDB2E9256F564600F670BD /* Project object */ = {
			isa = PBXProject;
			attributes = {
				LastSwiftUpdateCheck = 1210;
				LastUpgradeCheck = 1210;
				TargetAttributes = {
					FEEDB2F0256F564600F670BD = {
						CreatedOnToolsVersion = 12.1;
					};
					FEEDB306256F564900F670BD = {
						CreatedOnToolsVersion = 12.1;
						TestTargetID = FEEDB2F0256F564600F670BD;
					};
					FEEDB311256F564900F670BD = {
						CreatedOnToolsVersion = 12.1;
						TestTargetID = FEEDB2F0256F564600F670BD;
					};
				};
			};
			buildConfigurationList = FEEDB2EC256F564600F670BD /* Build configuration list for PBXProject "Hotels" */;
			compatibilityVersion = "Xcode 9.3";
			developmentRegion = en;
			hasScannedForEncodings = 0;
			knownRegions = (
				en,
				Base,
			);
			mainGroup = FEEDB2E8256F564600F670BD;
			productRefGroup = FEEDB2F2256F564600F670BD /* Products */;
			projectDirPath = "";
			projectRoot = "";
			targets = (
				FEEDB2F0256F564600F670BD /* Hotels */,
				FEEDB306256F564900F670BD /* HotelsTests */,
				FEEDB311256F564900F670BD /* HotelsUITests */,
			);
		};
/* End PBXProject section */

/* Begin PBXResourcesBuildPhase section */
		FEEDB2EF256F564600F670BD /* Resources */ = {
			isa = PBXResourcesBuildPhase;
			buildActionMask = 2147483647;
			files = (
				FEEDB301256F564900F670BD /* LaunchScreen.storyboard in Resources */,
				FEEDB2FE256F564900F670BD /* Assets.xcassets in Resources */,
				FEEDB2FC256F564600F670BD /* Main.storyboard in Resources */,
			);
			runOnlyForDeploymentPostprocessing = 0;
		};
		FEEDB305256F564900F670BD /* Resources */ = {
			isa = PBXResourcesBuildPhase;
			buildActionMask = 2147483647;
			files = (
			);
			runOnlyForDeploymentPostprocessing = 0;
		};
		FEEDB310256F564900F670BD /* Resources */ = {
			isa = PBXResourcesBuildPhase;
			buildActionMask = 2147483647;
			files = (
			);
			runOnlyForDeploymentPostprocessing = 0;
		};
/* End PBXResourcesBuildPhase section */

/* Begin PBXSourcesBuildPhase section */
		FEEDB2ED256F564600F670BD /* Sources */ = {
			isa = PBXSourcesBuildPhase;
			buildActionMask = 2147483647;
			files = (
				FEEDB2F9256F564600F670BD /* ViewController.swift in Sources */,
				FEEDB2F5256F564600F670BD /* AppDelegate.swift in Sources */,
				FEEDB2F7256F564600F670BD /* SceneDelegate.swift in Sources */,
			);
			runOnlyForDeploymentPostprocessing = 0;
		};
		FEEDB303256F564900F670BD /* Sources */ = {
			isa = PBXSourcesBuildPhase;
			buildActionMask = 2147483647;
			files = (
				FEEDB30C256F564900F670BD /* HotelsTests.swift in Sources */,
			);
			runOnlyForDeploymentPostprocessing = 0;
		};
		FEEDB30E256F564900F670BD /* Sources */ = {
			isa = PBXSourcesBuildPhase;
			buildActionMask = 2147483647;
			files = (
				FEEDB317256F564900F670BD /* HotelsUITests.swift in Sources */,
			);
			runOnlyForDeploymentPostprocessing = 0;
		};
/* End PBXSourcesBuildPhase section */

/* Begin PBXTargetDependency section */
		FEEDB309256F564900F670BD /* PBXTargetDependency */ = {
			isa = PBXTargetDependency;
			target = FEEDB2F0256F564600F670BD /* Hotels */;
			targetProxy = FEEDB308256F564900F670BD /* PBXContainerItemProxy */;
		};
		FEEDB314256F564900F670BD /* PBXTargetDependency */ = {
			isa = PBXTargetDependency;
			target = FEEDB2F0256F564600F670BD /* Hotels */;
			targetProxy = FEEDB313256F564900F670BD /* PBXContainerItemProxy */;
		};
/* End PBXTargetDependency section */

/* Begin PBXVariantGroup section */
		FEEDB2FA256F564600F670BD /* Main.storyboard */ = {
			isa = PBXVariantGroup;
			children = (
				FEEDB2FB256F564600F670BD /* Base */,
			);
			name = Main.storyboard;
			sourceTree = "<group>";
		};
		FEEDB2FF256F564900F670BD /* LaunchScreen.storyboard */ = {
			isa = PBXVariantGroup;
			children = (
				FEEDB300256F564900F670BD /* Base */,
			);
			name = LaunchScreen.storyboard;
			sourceTree = "<group>";
		};
/* End PBXVariantGroup section */

/* Begin XCBuildConfiguration section */
		FEEDB319256F564900F670BD /* Debug */ = {
			isa = XCBuildConfiguration;
			buildSettings = {
				ALWAYS_SEARCH_USER_PATHS = NO;
				CLANG_ANALYZER_NONNULL = YES;
				CLANG_ANALYZER_NUMBER_OBJECT_CONVERSION = YES_AGGRESSIVE;
				CLANG_CXX_LANGUAGE_STANDARD = "gnu++14";
				CLANG_CXX_LIBRARY = "libc++";
				CLANG_ENABLE_MODULES = YES;
				CLANG_ENABLE_OBJC_ARC = YES;
				CLANG_ENABLE_OBJC_WEAK = YES;
				CLANG_WARN_BLOCK_CAPTURE_AUTORELEASING = YES;
				CLANG_WARN_BOOL_CONVERSION = YES;
				CLANG_WARN_COMMA = YES;
				CLANG_WARN_CONSTANT_CONVERSION = YES;
				CLANG_WARN_DEPRECATED_OBJC_IMPLEMENTATIONS = YES;
				CLANG_WARN_DIRECT_OBJC_ISA_USAGE = YES_ERROR;
				CLANG_WARN_DOCUMENTATION_COMMENTS = YES;
				CLANG_WARN_EMPTY_BODY = YES;
				CLANG_WARN_ENUM_CONVERSION = YES;
				CLANG_WARN_INFINITE_RECURSION = YES;
				CLANG_WARN_INT_CONVERSION = YES;
				CLANG_WARN_NON_LITERAL_NULL_CONVERSION = YES;
				CLANG_WARN_OBJC_IMPLICIT_RETAIN_SELF = YES;
				CLANG_WARN_OBJC_LITERAL_CONVERSION = YES;
				CLANG_WARN_OBJC_ROOT_CLASS = YES_ERROR;
				CLANG_WARN_QUOTED_INCLUDE_IN_FRAMEWORK_HEADER = YES;
				CLANG_WARN_RANGE_LOOP_ANALYSIS = YES;
				CLANG_WARN_STRICT_PROTOTYPES = YES;
				CLANG_WARN_SUSPICIOUS_MOVE = YES;
				CLANG_WARN_UNGUARDED_AVAILABILITY = YES_AGGRESSIVE;
				CLANG_WARN_UNREACHABLE_CODE = YES;
				CLANG_WARN__DUPLICATE_METHOD_MATCH = YES;
				COPY_PHASE_STRIP = NO;
				DEBUG_INFORMATION_FORMAT = dwarf;
				ENABLE_STRICT_OBJC_MSGSEND = YES;
				ENABLE_TESTABILITY = YES;
				GCC_C_LANGUAGE_STANDARD = gnu11;
				GCC_DYNAMIC_NO_PIC = NO;
				GCC_NO_COMMON_BLOCKS = YES;
				GCC_OPTIMIZATION_LEVEL = 0;
				GCC_PREPROCESSOR_DEFINITIONS = (
					"DEBUG=1",
					"$(inherited)",
				);
				GCC_WARN_64_TO_32_BIT_CONVERSION = YES;
				GCC_WARN_ABOUT_RETURN_TYPE = YES_ERROR;
				GCC_WARN_UNDECLARED_SELECTOR = YES;
				GCC_WARN_UNINITIALIZED_AUTOS = YES_AGGRESSIVE;
				GCC_WARN_UNUSED_FUNCTION = YES;
				GCC_WARN_UNUSED_VARIABLE = YES;
				IPHONEOS_DEPLOYMENT_TARGET = 14.1;
				MTL_ENABLE_DEBUG_INFO = INCLUDE_SOURCE;
				MTL_FAST_MATH = YES;
				ONLY_ACTIVE_ARCH = YES;
				SDKROOT = iphoneos;
				SWIFT_ACTIVE_COMPILATION_CONDITIONS = DEBUG;
				SWIFT_OPTIMIZATION_LEVEL = "-Onone";
			};
			name = Debug;
		};
		FEEDB31A256F564900F670BD /* Release */ = {
			isa = XCBuildConfiguration;
			buildSettings = {
				ALWAYS_SEARCH_USER_PATHS = NO;
				CLANG_ANALYZER_NONNULL = YES;
				CLANG_ANALYZER_NUMBER_OBJECT_CONVERSION = YES_AGGRESSIVE;
				CLANG_CXX_LANGUAGE_STANDARD = "gnu++14";
				CLANG_CXX_LIBRARY = "libc++";
				CLANG_ENABLE_MODULES = YES;
				CLANG_ENABLE_OBJC_ARC = YES;
				CLANG_ENABLE_OBJC_WEAK = YES;
				CLANG_WARN_BLOCK_CAPTURE_AUTORELEASING = YES;
				CLANG_WARN_BOOL_CONVERSION = YES;
				CLANG_WARN_COMMA = YES;
				CLANG_WARN_CONSTANT_CONVERSION = YES;
				CLANG_WARN_DEPRECATED_OBJC_IMPLEMENTATIONS = YES;
				CLANG_WARN_DIRECT_OBJC_ISA_USAGE = YES_ERROR;
				CLANG_WARN_DOCUMENTATION_COMMENTS = YES;
				CLANG_WARN_EMPTY_BODY = YES;
				CLANG_WARN_ENUM_CONVERSION = YES;
				CLANG_WARN_INFINITE_RECURSION = YES;
				CLANG_WARN_INT_CONVERSION = YES;
				CLANG_WARN_NON_LITERAL_NULL_CONVERSION = YES;
				CLANG_WARN_OBJC_IMPLICIT_RETAIN_SELF = YES;
				CLANG_WARN_OBJC_LITERAL_CONVERSION = YES;
				CLANG_WARN_OBJC_ROOT_CLASS = YES_ERROR;
				CLANG_WARN_QUOTED_INCLUDE_IN_FRAMEWORK_HEADER = YES;
				CLANG_WARN_RANGE_LOOP_ANALYSIS = YES;
				CLANG_WARN_STRICT_PROTOTYPES = YES;
				CLANG_WARN_SUSPICIOUS_MOVE = YES;
				CLANG_WARN_UNGUARDED_AVAILABILITY = YES_AGGRESSIVE;
				CLANG_WARN_UNREACHABLE_CODE = YES;
				CLANG_WARN__DUPLICATE_METHOD_MATCH = YES;
				COPY_PHASE_STRIP = NO;
				DEBUG_INFORMATION_FORMAT = "dwarf-with-dsym";
				ENABLE_NS_ASSERTIONS = NO;
				ENABLE_STRICT_OBJC_MSGSEND = YES;
				GCC_C_LANGUAGE_STANDARD = gnu11;
				GCC_NO_COMMON_BLOCKS = YES;
				GCC_WARN_64_TO_32_BIT_CONVERSION = YES;
				GCC_WARN_ABOUT_RETURN_TYPE = YES_ERROR;
				GCC_WARN_UNDECLARED_SELECTOR = YES;
				GCC_WARN_UNINITIALIZED_AUTOS = YES_AGGRESSIVE;
				GCC_WARN_UNUSED_FUNCTION = YES;
				GCC_WARN_UNUSED_VARIABLE = YES;
				IPHONEOS_DEPLOYMENT_TARGET = 14.1;
				MTL_ENABLE_DEBUG_INFO = NO;
				MTL_FAST_MATH = YES;
				SDKROOT = iphoneos;
				SWIFT_COMPILATION_MODE = wholemodule;
				SWIFT_OPTIMIZATION_LEVEL = "-O";
				VALIDATE_PRODUCT = YES;
			};
			name = Release;
		};
		FEEDB31C256F564900F670BD /* Debug */ = {
			isa = XCBuildConfiguration;
			buildSettings = {
				ASSETCATALOG_COMPILER_APPICON_NAME = AppIcon;
				ASSETCATALOG_COMPILER_GLOBAL_ACCENT_COLOR_NAME = AccentColor;
				CODE_SIGN_STYLE = Automatic;
				DEVELOPMENT_TEAM = YJ922C8VS4;
				INFOPLIST_FILE = Hotels/Info.plist;
				LD_RUNPATH_SEARCH_PATHS = (
					"$(inherited)",
					"@executable_path/Frameworks",
				);
				PRODUCT_BUNDLE_IDENTIFIER = com.codewithdilan.Hotels;
				PRODUCT_NAME = "$(TARGET_NAME)";
				SWIFT_VERSION = 5.0;
				TARGETED_DEVICE_FAMILY = "1,2";
			};
			name = Debug;
		};
		FEEDB31D256F564900F670BD /* Release */ = {
			isa = XCBuildConfiguration;
			buildSettings = {
				ASSETCATALOG_COMPILER_APPICON_NAME = AppIcon;
				ASSETCATALOG_COMPILER_GLOBAL_ACCENT_COLOR_NAME = AccentColor;
				CODE_SIGN_STYLE = Automatic;
				DEVELOPMENT_TEAM = YJ922C8VS4;
				INFOPLIST_FILE = Hotels/Info.plist;
				LD_RUNPATH_SEARCH_PATHS = (
					"$(inherited)",
					"@executable_path/Frameworks",
				);
				PRODUCT_BUNDLE_IDENTIFIER = com.codewithdilan.Hotels;
				PRODUCT_NAME = "$(TARGET_NAME)";
				SWIFT_VERSION = 5.0;
				TARGETED_DEVICE_FAMILY = "1,2";
			};
			name = Release;
		};
		FEEDB31F256F564900F670BD /* Debug */ = {
			isa = XCBuildConfiguration;
			buildSettings = {
				ALWAYS_EMBED_SWIFT_STANDARD_LIBRARIES = YES;
				BUNDLE_LOADER = "$(TEST_HOST)";
				CODE_SIGN_STYLE = Automatic;
				DEVELOPMENT_TEAM = YJ922C8VS4;
				INFOPLIST_FILE = HotelsTests/Info.plist;
				IPHONEOS_DEPLOYMENT_TARGET = 14.1;
				LD_RUNPATH_SEARCH_PATHS = (
					"$(inherited)",
					"@executable_path/Frameworks",
					"@loader_path/Frameworks",
				);
				PRODUCT_BUNDLE_IDENTIFIER = com.codewithdilan.HotelsTests;
				PRODUCT_NAME = "$(TARGET_NAME)";
				SWIFT_VERSION = 5.0;
				TARGETED_DEVICE_FAMILY = "1,2";
				TEST_HOST = "$(BUILT_PRODUCTS_DIR)/Hotels.app/Hotels";
			};
			name = Debug;
		};
		FEEDB320256F564900F670BD /* Release */ = {
			isa = XCBuildConfiguration;
			buildSettings = {
				ALWAYS_EMBED_SWIFT_STANDARD_LIBRARIES = YES;
				BUNDLE_LOADER = "$(TEST_HOST)";
				CODE_SIGN_STYLE = Automatic;
				DEVELOPMENT_TEAM = YJ922C8VS4;
				INFOPLIST_FILE = HotelsTests/Info.plist;
				IPHONEOS_DEPLOYMENT_TARGET = 14.1;
				LD_RUNPATH_SEARCH_PATHS = (
					"$(inherited)",
					"@executable_path/Frameworks",
					"@loader_path/Frameworks",
				);
				PRODUCT_BUNDLE_IDENTIFIER = com.codewithdilan.HotelsTests;
				PRODUCT_NAME = "$(TARGET_NAME)";
				SWIFT_VERSION = 5.0;
				TARGETED_DEVICE_FAMILY = "1,2";
				TEST_HOST = "$(BUILT_PRODUCTS_DIR)/Hotels.app/Hotels";
			};
			name = Release;
		};
		FEEDB322256F564900F670BD /* Debug */ = {
			isa = XCBuildConfiguration;
			buildSettings = {
				ALWAYS_EMBED_SWIFT_STANDARD_LIBRARIES = YES;
				CODE_SIGN_STYLE = Automatic;
				DEVELOPMENT_TEAM = YJ922C8VS4;
				INFOPLIST_FILE = HotelsUITests/Info.plist;
				LD_RUNPATH_SEARCH_PATHS = (
					"$(inherited)",
					"@executable_path/Frameworks",
					"@loader_path/Frameworks",
				);
				PRODUCT_BUNDLE_IDENTIFIER = com.codewithdilan.HotelsUITests;
				PRODUCT_NAME = "$(TARGET_NAME)";
				SWIFT_VERSION = 5.0;
				TARGETED_DEVICE_FAMILY = "1,2";
				TEST_TARGET_NAME = Hotels;
			};
			name = Debug;
		};
		FEEDB323256F564900F670BD /* Release */ = {
			isa = XCBuildConfiguration;
			buildSettings = {
				ALWAYS_EMBED_SWIFT_STANDARD_LIBRARIES = YES;
				CODE_SIGN_STYLE = Automatic;
				DEVELOPMENT_TEAM = YJ922C8VS4;
				INFOPLIST_FILE = HotelsUITests/Info.plist;
				LD_RUNPATH_SEARCH_PATHS = (
					"$(inherited)",
					"@executable_path/Frameworks",
					"@loader_path/Frameworks",
				);
				PRODUCT_BUNDLE_IDENTIFIER = com.codewithdilan.HotelsUITests;
				PRODUCT_NAME = "$(TARGET_NAME)";
				SWIFT_VERSION = 5.0;
				TARGETED_DEVICE_FAMILY = "1,2";
				TEST_TARGET_NAME = Hotels;
			};
			name = Release;
		};
/* End XCBuildConfiguration section */

/* Begin XCConfigurationList section */
		FEEDB2EC256F564600F670BD /* Build configuration list for PBXProject "Hotels" */ = {
			isa = XCConfigurationList;
			buildConfigurations = (
				FEEDB319256F564900F670BD /* Debug */,
				FEEDB31A256F564900F670BD /* Release */,
			);
			defaultConfigurationIsVisible = 0;
			defaultConfigurationName = Release;
		};
		FEEDB31B256F564900F670BD /* Build configuration list for PBXNativeTarget "Hotels" */ = {
			isa = XCConfigurationList;
			buildConfigurations = (
				FEEDB31C256F564900F670BD /* Debug */,
				FEEDB31D256F564900F670BD /* Release */,
			);
			defaultConfigurationIsVisible = 0;
			defaultConfigurationName = Release;
		};
		FEEDB31E256F564900F670BD /* Build configuration list for PBXNativeTarget "HotelsTests" */ = {
			isa = XCConfigurationList;
			buildConfigurations = (
				FEEDB31F256F564900F670BD /* Debug */,
				FEEDB320256F564900F670BD /* Release */,
			);
			defaultConfigurationIsVisible = 0;
			defaultConfigurationName = Release;
		};
		FEEDB321256F564900F670BD /* Build configuration list for PBXNativeTarget "HotelsUITests" */ = {
			isa = XCConfigurationList;
			buildConfigurations = (
				FEEDB322256F564900F670BD /* Debug */,
				FEEDB323256F564900F670BD /* Release */,
			);
			defaultConfigurationIsVisible = 0;
			defaultConfigurationName = Release;
		};
/* End XCConfigurationList section */
	};
	rootObject = FEEDB2E9256F564600F670BD /* Project object */;
}
